// !$*UTF8*$!
{
	archiveVersion = 1;
	classes = {
	};
	objectVersion = 50;
	objects = {

/* Begin PBXBuildFile section */
		ACDD671125EF4E8C009DC346 /* AppDelegate.swift in Sources */ = {isa = PBXBuildFile; fileRef = ACDD671025EF4E8C009DC346 /* AppDelegate.swift */; };
		ACDD671325EF4E8C009DC346 /* SceneDelegate.swift in Sources */ = {isa = PBXBuildFile; fileRef = ACDD671225EF4E8C009DC346 /* SceneDelegate.swift */; };
		ACDD671525EF4E8C009DC346 /* ViewController.swift in Sources */ = {isa = PBXBuildFile; fileRef = ACDD671425EF4E8C009DC346 /* ViewController.swift */; };
		ACDD671825EF4E8C009DC346 /* Main.storyboard in Resources */ = {isa = PBXBuildFile; fileRef = ACDD671625EF4E8C009DC346 /* Main.storyboard */; };
		ACDD671A25EF4E8E009DC346 /* Assets.xcassets in Resources */ = {isa = PBXBuildFile; fileRef = ACDD671925EF4E8E009DC346 /* Assets.xcassets */; };
		ACDD671D25EF4E8E009DC346 /* LaunchScreen.storyboard in Resources */ = {isa = PBXBuildFile; fileRef = ACDD671B25EF4E8E009DC346 /* LaunchScreen.storyboard */; };
		ACDD672825EF4E8F009DC346 /* TDDPresentationAppTests.swift in Sources */ = {isa = PBXBuildFile; fileRef = ACDD672725EF4E8F009DC346 /* TDDPresentationAppTests.swift */; };
/* End PBXBuildFile section */

/* Begin PBXContainerItemProxy section */
		ACDD672425EF4E8F009DC346 /* PBXContainerItemProxy */ = {
			isa = PBXContainerItemProxy;
			containerPortal = ACDD670525EF4E8C009DC346 /* Project object */;
			proxyType = 1;
			remoteGlobalIDString = ACDD670C25EF4E8C009DC346;
			remoteInfo = TDDPresentationApp;
		};
/* End PBXContainerItemProxy section */

/* Begin PBXFileReference section */
		ACDD670D25EF4E8C009DC346 /* TDDPresentationApp.app */ = {isa = PBXFileReference; explicitFileType = wrapper.application; includeInIndex = 0; path = TDDPresentationApp.app; sourceTree = BUILT_PRODUCTS_DIR; };
		ACDD671025EF4E8C009DC346 /* AppDelegate.swift */ = {isa = PBXFileReference; lastKnownFileType = sourcecode.swift; path = AppDelegate.swift; sourceTree = "<group>"; };
		ACDD671225EF4E8C009DC346 /* SceneDelegate.swift */ = {isa = PBXFileReference; lastKnownFileType = sourcecode.swift; path = SceneDelegate.swift; sourceTree = "<group>"; };
		ACDD671425EF4E8C009DC346 /* ViewController.swift */ = {isa = PBXFileReference; lastKnownFileType = sourcecode.swift; path = ViewController.swift; sourceTree = "<group>"; };
		ACDD671725EF4E8C009DC346 /* Base */ = {isa = PBXFileReference; lastKnownFileType = file.storyboard; name = Base; path = Base.lproj/Main.storyboard; sourceTree = "<group>"; };
		ACDD671925EF4E8E009DC346 /* Assets.xcassets */ = {isa = PBXFileReference; lastKnownFileType = folder.assetcatalog; path = Assets.xcassets; sourceTree = "<group>"; };
		ACDD671C25EF4E8E009DC346 /* Base */ = {isa = PBXFileReference; lastKnownFileType = file.storyboard; name = Base; path = Base.lproj/LaunchScreen.storyboard; sourceTree = "<group>"; };
		ACDD671E25EF4E8E009DC346 /* Info.plist */ = {isa = PBXFileReference; lastKnownFileType = text.plist.xml; path = Info.plist; sourceTree = "<group>"; };
		ACDD672325EF4E8F009DC346 /* TDDPresentationAppTests.xctest */ = {isa = PBXFileReference; explicitFileType = wrapper.cfbundle; includeInIndex = 0; path = TDDPresentationAppTests.xctest; sourceTree = BUILT_PRODUCTS_DIR; };
		ACDD672725EF4E8F009DC346 /* TDDPresentationAppTests.swift */ = {isa = PBXFileReference; lastKnownFileType = sourcecode.swift; path = TDDPresentationAppTests.swift; sourceTree = "<group>"; };
		ACDD672925EF4E8F009DC346 /* Info.plist */ = {isa = PBXFileReference; lastKnownFileType = text.plist.xml; path = Info.plist; sourceTree = "<group>"; };
/* End PBXFileReference section */

/* Begin PBXFrameworksBuildPhase section */
		ACDD670A25EF4E8C009DC346 /* Frameworks */ = {
			isa = PBXFrameworksBuildPhase;
			buildActionMask = 2147483647;
			files = (
			);
			runOnlyForDeploymentPostprocessing = 0;
		};
		ACDD672025EF4E8F009DC346 /* Frameworks */ = {
			isa = PBXFrameworksBuildPhase;
			buildActionMask = 2147483647;
			files = (
			);
			runOnlyForDeploymentPostprocessing = 0;
		};
/* End PBXFrameworksBuildPhase section */

/* Begin PBXGroup section */
		ACDD670425EF4E8C009DC346 = {
			isa = PBXGroup;
			children = (
				ACDD670F25EF4E8C009DC346 /* TDDPresentationApp */,
				ACDD672625EF4E8F009DC346 /* TDDPresentationAppTests */,
				ACDD670E25EF4E8C009DC346 /* Products */,
			);
			sourceTree = "<group>";
		};
		ACDD670E25EF4E8C009DC346 /* Products */ = {
			isa = PBXGroup;
			children = (
				ACDD670D25EF4E8C009DC346 /* TDDPresentationApp.app */,
				ACDD672325EF4E8F009DC346 /* TDDPresentationAppTests.xctest */,
			);
			name = Products;
			sourceTree = "<group>";
		};
		ACDD670F25EF4E8C009DC346 /* TDDPresentationApp */ = {
			isa = PBXGroup;
			children = (
				ACDD671025EF4E8C009DC346 /* AppDelegate.swift */,
				ACDD671225EF4E8C009DC346 /* SceneDelegate.swift */,
				ACDD671425EF4E8C009DC346 /* ViewController.swift */,
				ACDD671625EF4E8C009DC346 /* Main.storyboard */,
				ACDD671925EF4E8E009DC346 /* Assets.xcassets */,
				ACDD671B25EF4E8E009DC346 /* LaunchScreen.storyboard */,
				ACDD671E25EF4E8E009DC346 /* Info.plist */,
			);
			path = TDDPresentationApp;
			sourceTree = "<group>";
		};
		ACDD672625EF4E8F009DC346 /* TDDPresentationAppTests */ = {
			isa = PBXGroup;
			children = (
				ACDD672725EF4E8F009DC346 /* TDDPresentationAppTests.swift */,
				ACDD672925EF4E8F009DC346 /* Info.plist */,
			);
			path = TDDPresentationAppTests;
			sourceTree = "<group>";
		};
/* End PBXGroup section */

/* Begin PBXNativeTarget section */
		ACDD670C25EF4E8C009DC346 /* TDDPresentationApp */ = {
			isa = PBXNativeTarget;
			buildConfigurationList = ACDD673725EF4E8F009DC346 /* Build configuration list for PBXNativeTarget "TDDPresentationApp" */;
			buildPhases = (
				ACDD670925EF4E8C009DC346 /* Sources */,
				ACDD670A25EF4E8C009DC346 /* Frameworks */,
				ACDD670B25EF4E8C009DC346 /* Resources */,
			);
			buildRules = (
			);
			dependencies = (
			);
			name = TDDPresentationApp;
			productName = TDDPresentationApp;
			productReference = ACDD670D25EF4E8C009DC346 /* TDDPresentationApp.app */;
			productType = "com.apple.product-type.application";
		};
		ACDD672225EF4E8F009DC346 /* TDDPresentationAppTests */ = {
			isa = PBXNativeTarget;
			buildConfigurationList = ACDD673A25EF4E8F009DC346 /* Build configuration list for PBXNativeTarget "TDDPresentationAppTests" */;
			buildPhases = (
				ACDD671F25EF4E8F009DC346 /* Sources */,
				ACDD672025EF4E8F009DC346 /* Frameworks */,
				ACDD672125EF4E8F009DC346 /* Resources */,
			);
			buildRules = (
			);
			dependencies = (
				ACDD672525EF4E8F009DC346 /* PBXTargetDependency */,
			);
			name = TDDPresentationAppTests;
			productName = TDDPresentationAppTests;
			productReference = ACDD672325EF4E8F009DC346 /* TDDPresentationAppTests.xctest */;
			productType = "com.apple.product-type.bundle.unit-test";
		};
/* End PBXNativeTarget section */

/* Begin PBXProject section */
		ACDD670525EF4E8C009DC346 /* Project object */ = {
			isa = PBXProject;
			attributes = {
				LastSwiftUpdateCheck = 1220;
				LastUpgradeCheck = 1220;
				TargetAttributes = {
					ACDD670C25EF4E8C009DC346 = {
						CreatedOnToolsVersion = 12.2;
					};
					ACDD672225EF4E8F009DC346 = {
						CreatedOnToolsVersion = 12.2;
						TestTargetID = ACDD670C25EF4E8C009DC346;
					};
				};
			};
			buildConfigurationList = ACDD670825EF4E8C009DC346 /* Build configuration list for PBXProject "TDDPresentationApp" */;
			compatibilityVersion = "Xcode 9.3";
			developmentRegion = en;
			hasScannedForEncodings = 0;
			knownRegions = (
				en,
				Base,
			);
			mainGroup = ACDD670425EF4E8C009DC346;
			productRefGroup = ACDD670E25EF4E8C009DC346 /* Products */;
			projectDirPath = "";
			projectRoot = "";
			targets = (
				ACDD670C25EF4E8C009DC346 /* TDDPresentationApp */,
				ACDD672225EF4E8F009DC346 /* TDDPresentationAppTests */,
			);
		};
/* End PBXProject section */

/* Begin PBXResourcesBuildPhase section */
		ACDD670B25EF4E8C009DC346 /* Resources */ = {
			isa = PBXResourcesBuildPhase;
			buildActionMask = 2147483647;
			files = (
				ACDD671D25EF4E8E009DC346 /* LaunchScreen.storyboard in Resources */,
				ACDD671A25EF4E8E009DC346 /* Assets.xcassets in Resources */,
				ACDD671825EF4E8C009DC346 /* Main.storyboard in Resources */,
			);
			runOnlyForDeploymentPostprocessing = 0;
		};
		ACDD672125EF4E8F009DC346 /* Resources */ = {
			isa = PBXResourcesBuildPhase;
			buildActionMask = 2147483647;
			files = (
			);
			runOnlyForDeploymentPostprocessing = 0;
		};
/* End PBXResourcesBuildPhase section */

/* Begin PBXSourcesBuildPhase section */
		ACDD670925EF4E8C009DC346 /* Sources */ = {
			isa = PBXSourcesBuildPhase;
			buildActionMask = 2147483647;
			files = (
				ACDD671525EF4E8C009DC346 /* ViewController.swift in Sources */,
				ACDD671125EF4E8C009DC346 /* AppDelegate.swift in Sources */,
				ACDD671325EF4E8C009DC346 /* SceneDelegate.swift in Sources */,
			);
			runOnlyForDeploymentPostprocessing = 0;
		};
		ACDD671F25EF4E8F009DC346 /* Sources */ = {
			isa = PBXSourcesBuildPhase;
			buildActionMask = 2147483647;
			files = (
				ACDD672825EF4E8F009DC346 /* TDDPresentationAppTests.swift in Sources */,
			);
			runOnlyForDeploymentPostprocessing = 0;
		};
/* End PBXSourcesBuildPhase section */

/* Begin PBXTargetDependency section */
		ACDD672525EF4E8F009DC346 /* PBXTargetDependency */ = {
			isa = PBXTargetDependency;
			target = ACDD670C25EF4E8C009DC346 /* TDDPresentationApp */;
			targetProxy = ACDD672425EF4E8F009DC346 /* PBXContainerItemProxy */;
		};
/* End PBXTargetDependency section */

/* Begin PBXVariantGroup section */
		ACDD671625EF4E8C009DC346 /* Main.storyboard */ = {
			isa = PBXVariantGroup;
			children = (
				ACDD671725EF4E8C009DC346 /* Base */,
			);
			name = Main.storyboard;
			sourceTree = "<group>";
		};
		ACDD671B25EF4E8E009DC346 /* LaunchScreen.storyboard */ = {
			isa = PBXVariantGroup;
			children = (
				ACDD671C25EF4E8E009DC346 /* Base */,
			);
			name = LaunchScreen.storyboard;
			sourceTree = "<group>";
		};
/* End PBXVariantGroup section */

/* Begin XCBuildConfiguration section */
		ACDD673525EF4E8F009DC346 /* Debug */ = {
			isa = XCBuildConfiguration;
			buildSettings = {
				ALWAYS_SEARCH_USER_PATHS = NO;
				CLANG_ANALYZER_NONNULL = YES;
				CLANG_ANALYZER_NUMBER_OBJECT_CONVERSION = YES_AGGRESSIVE;
				CLANG_CXX_LANGUAGE_STANDARD = "gnu++14";
				CLANG_CXX_LIBRARY = "libc++";
				CLANG_ENABLE_MODULES = YES;
				CLANG_ENABLE_OBJC_ARC = YES;
				CLANG_ENABLE_OBJC_WEAK = YES;
				CLANG_WARN_BLOCK_CAPTURE_AUTORELEASING = YES;
				CLANG_WARN_BOOL_CONVERSION = YES;
				CLANG_WARN_COMMA = YES;
				CLANG_WARN_CONSTANT_CONVERSION = YES;
				CLANG_WARN_DEPRECATED_OBJC_IMPLEMENTATIONS = YES;
				CLANG_WARN_DIRECT_OBJC_ISA_USAGE = YES_ERROR;
				CLANG_WARN_DOCUMENTATION_COMMENTS = YES;
				CLANG_WARN_EMPTY_BODY = YES;
				CLANG_WARN_ENUM_CONVERSION = YES;
				CLANG_WARN_INFINITE_RECURSION = YES;
				CLANG_WARN_INT_CONVERSION = YES;
				CLANG_WARN_NON_LITERAL_NULL_CONVERSION = YES;
				CLANG_WARN_OBJC_IMPLICIT_RETAIN_SELF = YES;
				CLANG_WARN_OBJC_LITERAL_CONVERSION = YES;
				CLANG_WARN_OBJC_ROOT_CLASS = YES_ERROR;
				CLANG_WARN_QUOTED_INCLUDE_IN_FRAMEWORK_HEADER = YES;
				CLANG_WARN_RANGE_LOOP_ANALYSIS = YES;
				CLANG_WARN_STRICT_PROTOTYPES = YES;
				CLANG_WARN_SUSPICIOUS_MOVE = YES;
				CLANG_WARN_UNGUARDED_AVAILABILITY = YES_AGGRESSIVE;
				CLANG_WARN_UNREACHABLE_CODE = YES;
				CLANG_WARN__DUPLICATE_METHOD_MATCH = YES;
				COPY_PHASE_STRIP = NO;
				DEBUG_INFORMATION_FORMAT = dwarf;
				ENABLE_STRICT_OBJC_MSGSEND = YES;
				ENABLE_TESTABILITY = YES;
				GCC_C_LANGUAGE_STANDARD = gnu11;
				GCC_DYNAMIC_NO_PIC = NO;
				GCC_NO_COMMON_BLOCKS = YES;
				GCC_OPTIMIZATION_LEVEL = 0;
				GCC_PREPROCESSOR_DEFINITIONS = (
					"DEBUG=1",
					"$(inherited)",
				);
				GCC_WARN_64_TO_32_BIT_CONVERSION = YES;
				GCC_WARN_ABOUT_RETURN_TYPE = YES_ERROR;
				GCC_WARN_UNDECLARED_SELECTOR = YES;
				GCC_WARN_UNINITIALIZED_AUTOS = YES_AGGRESSIVE;
				GCC_WARN_UNUSED_FUNCTION = YES;
				GCC_WARN_UNUSED_VARIABLE = YES;
				IPHONEOS_DEPLOYMENT_TARGET = 14.2;
				MTL_ENABLE_DEBUG_INFO = INCLUDE_SOURCE;
				MTL_FAST_MATH = YES;
				ONLY_ACTIVE_ARCH = YES;
				SDKROOT = iphoneos;
				SWIFT_ACTIVE_COMPILATION_CONDITIONS = DEBUG;
				SWIFT_OPTIMIZATION_LEVEL = "-Onone";
			};
			name = Debug;
		};
		ACDD673625EF4E8F009DC346 /* Release */ = {
			isa = XCBuildConfiguration;
			buildSettings = {
				ALWAYS_SEARCH_USER_PATHS = NO;
				CLANG_ANALYZER_NONNULL = YES;
				CLANG_ANALYZER_NUMBER_OBJECT_CONVERSION = YES_AGGRESSIVE;
				CLANG_CXX_LANGUAGE_STANDARD = "gnu++14";
				CLANG_CXX_LIBRARY = "libc++";
				CLANG_ENABLE_MODULES = YES;
				CLANG_ENABLE_OBJC_ARC = YES;
				CLANG_ENABLE_OBJC_WEAK = YES;
				CLANG_WARN_BLOCK_CAPTURE_AUTORELEASING = YES;
				CLANG_WARN_BOOL_CONVERSION = YES;
				CLANG_WARN_COMMA = YES;
				CLANG_WARN_CONSTANT_CONVERSION = YES;
				CLANG_WARN_DEPRECATED_OBJC_IMPLEMENTATIONS = YES;
				CLANG_WARN_DIRECT_OBJC_ISA_USAGE = YES_ERROR;
				CLANG_WARN_DOCUMENTATION_COMMENTS = YES;
				CLANG_WARN_EMPTY_BODY = YES;
				CLANG_WARN_ENUM_CONVERSION = YES;
				CLANG_WARN_INFINITE_RECURSION = YES;
				CLANG_WARN_INT_CONVERSION = YES;
				CLANG_WARN_NON_LITERAL_NULL_CONVERSION = YES;
				CLANG_WARN_OBJC_IMPLICIT_RETAIN_SELF = YES;
				CLANG_WARN_OBJC_LITERAL_CONVERSION = YES;
				CLANG_WARN_OBJC_ROOT_CLASS = YES_ERROR;
				CLANG_WARN_QUOTED_INCLUDE_IN_FRAMEWORK_HEADER = YES;
				CLANG_WARN_RANGE_LOOP_ANALYSIS = YES;
				CLANG_WARN_STRICT_PROTOTYPES = YES;
				CLANG_WARN_SUSPICIOUS_MOVE = YES;
				CLANG_WARN_UNGUARDED_AVAILABILITY = YES_AGGRESSIVE;
				CLANG_WARN_UNREACHABLE_CODE = YES;
				CLANG_WARN__DUPLICATE_METHOD_MATCH = YES;
				COPY_PHASE_STRIP = NO;
				DEBUG_INFORMATION_FORMAT = "dwarf-with-dsym";
				ENABLE_NS_ASSERTIONS = NO;
				ENABLE_STRICT_OBJC_MSGSEND = YES;
				GCC_C_LANGUAGE_STANDARD = gnu11;
				GCC_NO_COMMON_BLOCKS = YES;
				GCC_WARN_64_TO_32_BIT_CONVERSION = YES;
				GCC_WARN_ABOUT_RETURN_TYPE = YES_ERROR;
				GCC_WARN_UNDECLARED_SELECTOR = YES;
				GCC_WARN_UNINITIALIZED_AUTOS = YES_AGGRESSIVE;
				GCC_WARN_UNUSED_FUNCTION = YES;
				GCC_WARN_UNUSED_VARIABLE = YES;
				IPHONEOS_DEPLOYMENT_TARGET = 14.2;
				MTL_ENABLE_DEBUG_INFO = NO;
				MTL_FAST_MATH = YES;
				SDKROOT = iphoneos;
				SWIFT_COMPILATION_MODE = wholemodule;
				SWIFT_OPTIMIZATION_LEVEL = "-O";
				VALIDATE_PRODUCT = YES;
			};
			name = Release;
		};
		ACDD673825EF4E8F009DC346 /* Debug */ = {
			isa = XCBuildConfiguration;
			buildSettings = {
				ASSETCATALOG_COMPILER_APPICON_NAME = AppIcon;
				ASSETCATALOG_COMPILER_GLOBAL_ACCENT_COLOR_NAME = AccentColor;
				CODE_SIGN_STYLE = Automatic;
				INFOPLIST_FILE = TDDPresentationApp/Info.plist;
				LD_RUNPATH_SEARCH_PATHS = (
					"$(inherited)",
					"@executable_path/Frameworks",
				);
				PRODUCT_BUNDLE_IDENTIFIER = wb.devs.TDDPresentationApp;
				PRODUCT_NAME = "$(TARGET_NAME)";
				SWIFT_VERSION = 5.0;
				TARGETED_DEVICE_FAMILY = "1,2";
			};
			name = Debug;
		};
		ACDD673925EF4E8F009DC346 /* Release */ = {
			isa = XCBuildConfiguration;
			buildSettings = {
				ASSETCATALOG_COMPILER_APPICON_NAME = AppIcon;
				ASSETCATALOG_COMPILER_GLOBAL_ACCENT_COLOR_NAME = AccentColor;
				CODE_SIGN_STYLE = Automatic;
				INFOPLIST_FILE = TDDPresentationApp/Info.plist;
				LD_RUNPATH_SEARCH_PATHS = (
					"$(inherited)",
					"@executable_path/Frameworks",
				);
				PRODUCT_BUNDLE_IDENTIFIER = wb.devs.TDDPresentationApp;
				PRODUCT_NAME = "$(TARGET_NAME)";
				SWIFT_VERSION = 5.0;
				TARGETED_DEVICE_FAMILY = "1,2";
			};
			name = Release;
		};
		ACDD673B25EF4E8F009DC346 /* Debug */ = {
			isa = XCBuildConfiguration;
			buildSettings = {
				ALWAYS_EMBED_SWIFT_STANDARD_LIBRARIES = YES;
				BUNDLE_LOADER = "$(TEST_HOST)";
				CODE_SIGN_STYLE = Automatic;
				INFOPLIST_FILE = TDDPresentationAppTests/Info.plist;
				IPHONEOS_DEPLOYMENT_TARGET = 14.2;
				LD_RUNPATH_SEARCH_PATHS = (
					"$(inherited)",
					"@executable_path/Frameworks",
					"@loader_path/Frameworks",
				);
				PRODUCT_BUNDLE_IDENTIFIER = wb.devs.TDDPresentationAppTests;
				PRODUCT_NAME = "$(TARGET_NAME)";
				SWIFT_VERSION = 5.0;
				TARGETED_DEVICE_FAMILY = "1,2";
				TEST_HOST = "$(BUILT_PRODUCTS_DIR)/TDDPresentationApp.app/TDDPresentationApp";
			};
			name = Debug;
		};
		ACDD673C25EF4E8F009DC346 /* Release */ = {
			isa = XCBuildConfiguration;
			buildSettings = {
				ALWAYS_EMBED_SWIFT_STANDARD_LIBRARIES = YES;
				BUNDLE_LOADER = "$(TEST_HOST)";
				CODE_SIGN_STYLE = Automatic;
				INFOPLIST_FILE = TDDPresentationAppTests/Info.plist;
				IPHONEOS_DEPLOYMENT_TARGET = 14.2;
				LD_RUNPATH_SEARCH_PATHS = (
					"$(inherited)",
					"@executable_path/Frameworks",
					"@loader_path/Frameworks",
				);
				PRODUCT_BUNDLE_IDENTIFIER = wb.devs.TDDPresentationAppTests;
				PRODUCT_NAME = "$(TARGET_NAME)";
				SWIFT_VERSION = 5.0;
				TARGETED_DEVICE_FAMILY = "1,2";
				TEST_HOST = "$(BUILT_PRODUCTS_DIR)/TDDPresentationApp.app/TDDPresentationApp";
			};
			name = Release;
		};
/* End XCBuildConfiguration section */

/* Begin XCConfigurationList section */
		ACDD670825EF4E8C009DC346 /* Build configuration list for PBXProject "TDDPresentationApp" */ = {
			isa = XCConfigurationList;
			buildConfigurations = (
				ACDD673525EF4E8F009DC346 /* Debug */,
				ACDD673625EF4E8F009DC346 /* Release */,
			);
			defaultConfigurationIsVisible = 0;
			defaultConfigurationName = Release;
		};
		ACDD673725EF4E8F009DC346 /* Build configuration list for PBXNativeTarget "TDDPresentationApp" */ = {
			isa = XCConfigurationList;
			buildConfigurations = (
				ACDD673825EF4E8F009DC346 /* Debug */,
				ACDD673925EF4E8F009DC346 /* Release */,
			);
			defaultConfigurationIsVisible = 0;
			defaultConfigurationName = Release;
		};
		ACDD673A25EF4E8F009DC346 /* Build configuration list for PBXNativeTarget "TDDPresentationAppTests" */ = {
			isa = XCConfigurationList;
			buildConfigurations = (
				ACDD673B25EF4E8F009DC346 /* Debug */,
				ACDD673C25EF4E8F009DC346 /* Release */,
			);
			defaultConfigurationIsVisible = 0;
			defaultConfigurationName = Release;
		};
/* End XCConfigurationList section */
	};
	rootObject = ACDD670525EF4E8C009DC346 /* Project object */;
}
